
Microsoft Visual Studio Solution File, Format Version 12.00
# Visual Studio Version 17
VisualStudioVersion = 17.0.32112.339
MinimumVisualStudioVersion = 10.0.40219.1
Project("{9A19103F-16F7-4668-BE54-9A1E7A4F7556}") = "20.FineDataFlow.Engine.Tests", "FineDataFlow.Engine.Tests\20.FineDataFlow.Engine.Tests.csproj", "{C3A1150D-4971-4B4D-864F-2E886DD8C3AE}"
EndProject
Project("{9A19103F-16F7-4668-BE54-9A1E7A4F7556}") = "10.FineDataFlow.Engine.Abstractions", "FineDataFlow.Engine.Abstractions\10.FineDataFlow.Engine.Abstractions.csproj", "{33DBBD8A-4177-4432-A1DE-EFFF3E864D4A}"
EndProject
Project("{2150E333-8FDC-42A3-9474-1A3956D46DE8}") = "Main", "Main", "{17153431-A836-4410-8AAA-82664703FF82}"
EndProject
Project("{2150E333-8FDC-42A3-9474-1A3956D46DE8}") = "Tests", "Tests", "{3E65AB2C-60F9-4154-B0CC-B202D34F0593}"
EndProject
Project("{9A19103F-16F7-4668-BE54-9A1E7A4F7556}") = "10.FineDataFlow.Engine.Abstractions.Tests", "FineDataFlow.Engine.Abstractions.Tests\10.FineDataFlow.Engine.Abstractions.Tests.csproj", "{69535F16-112D-4B16-93C9-AC42AAA42EA9}"
EndProject
Project("{9A19103F-16F7-4668-BE54-9A1E7A4F7556}") = "20.FineDataFlow.Engine", "FineDataFlow.Engine\20.FineDataFlow.Engine.csproj", "{095F32F2-C8EA-410E-AA0A-F7B86D88ADB4}"
EndProject
Global
	GlobalSection(SolutionConfigurationPlatforms) = preSolution
		Debug|Any CPU = Debug|Any CPU
		Release|Any CPU = Release|Any CPU
	EndGlobalSection
	GlobalSection(ProjectConfigurationPlatforms) = postSolution
		{C3A1150D-4971-4B4D-864F-2E886DD8C3AE}.Debug|Any CPU.ActiveCfg = Debug|Any CPU
		{C3A1150D-4971-4B4D-864F-2E886DD8C3AE}.Debug|Any CPU.Build.0 = Debug|Any CPU
		{C3A1150D-4971-4B4D-864F-2E886DD8C3AE}.Release|Any CPU.ActiveCfg = Release|Any CPU
		{C3A1150D-4971-4B4D-864F-2E886DD8C3AE}.Release|Any CPU.Build.0 = Release|Any CPU
		{33DBBD8A-4177-4432-A1DE-EFFF3E864D4A}.Debug|Any CPU.ActiveCfg = Debug|Any CPU
		{33DBBD8A-4177-4432-A1DE-EFFF3E864D4A}.Debug|Any CPU.Build.0 = Debug|Any CPU
		{33DBBD8A-4177-4432-A1DE-EFFF3E864D4A}.Release|Any CPU.ActiveCfg = Release|Any CPU
		{33DBBD8A-4177-4432-A1DE-EFFF3E864D4A}.Release|Any CPU.Build.0 = Release|Any CPU
		{69535F16-112D-4B16-93C9-AC42AAA42EA9}.Debug|Any CPU.ActiveCfg = Debug|Any CPU
		{69535F16-112D-4B16-93C9-AC42AAA42EA9}.Debug|Any CPU.Build.0 = Debug|Any CPU
		{69535F16-112D-4B16-93C9-AC42AAA42EA9}.Release|Any CPU.ActiveCfg = Release|Any CPU
		{69535F16-112D-4B16-93C9-AC42AAA42EA9}.Release|Any CPU.Build.0 = Release|Any CPU
		{095F32F2-C8EA-410E-AA0A-F7B86D88ADB4}.Debug|Any CPU.ActiveCfg = Debug|Any CPU
		{095F32F2-C8EA-410E-AA0A-F7B86D88ADB4}.Debug|Any CPU.Build.0 = Debug|Any CPU
		{095F32F2-C8EA-410E-AA0A-F7B86D88ADB4}.Release|Any CPU.ActiveCfg = Release|Any CPU
		{095F32F2-C8EA-410E-AA0A-F7B86D88ADB4}.Release|Any CPU.Build.0 = Release|Any CPU
	EndGlobalSection
	GlobalSection(SolutionProperties) = preSolution
		HideSolutionNode = FALSE
	EndGlobalSection
	GlobalSection(NestedProjects) = preSolution
		{C3A1150D-4971-4B4D-864F-2E886DD8C3AE} = {3E65AB2C-60F9-4154-B0CC-B202D34F0593}
		{33DBBD8A-4177-4432-A1DE-EFFF3E864D4A} = {17153431-A836-4410-8AAA-82664703FF82}
		{69535F16-112D-4B16-93C9-AC42AAA42EA9} = {3E65AB2C-60F9-4154-B0CC-B202D34F0593}
		{095F32F2-C8EA-410E-AA0A-F7B86D88ADB4} = {17153431-A836-4410-8AAA-82664703FF82}
	EndGlobalSection
	GlobalSection(ExtensibilityGlobals) = postSolution
		SolutionGuid = {7113CD6E-B6C0-464E-9FB8-8F60498E6946}
	EndGlobalSection
EndGlobal
